
Microsoft Visual Studio Solution File, Format Version 12.00
# Visual Studio Version 16
VisualStudioVersion = 16.0.31729.503
MinimumVisualStudioVersion = 10.0.40219.1
Project("{FAE04EC0-301F-11D3-BF4B-00C04F79EFBC}") = "BetaMartsiSyauqi", "BetaMartsiSyauqi\BetaMartsiSyauqi.csproj", "{4E4FAF43-CF04-44D5-AED6-10A22CBEC493}"
EndProject
Global
	GlobalSection(SolutionConfigurationPlatforms) = preSolution
		Debug|Any CPU = Debug|Any CPU
		Release|Any CPU = Release|Any CPU
	EndGlobalSection
	GlobalSection(ProjectConfigurationPlatforms) = postSolution
		{4E4FAF43-CF04-44D5-AED6-10A22CBEC493}.Debug|Any CPU.ActiveCfg = Debug|Any CPU
		{4E4FAF43-CF04-44D5-AED6-10A22CBEC493}.Debug|Any CPU.Build.0 = Debug|Any CPU
		{4E4FAF43-CF04-44D5-AED6-10A22CBEC493}.Release|Any CPU.ActiveCfg = Release|Any CPU
		{4E4FAF43-CF04-44D5-AED6-10A22CBEC493}.Release|Any CPU.Build.0 = Release|Any CPU
	EndGlobalSection
	GlobalSection(SolutionProperties) = preSolution
		HideSolutionNode = FALSE
	EndGlobalSection
	GlobalSection(ExtensibilityGlobals) = postSolution
		SolutionGuid = {DA2F6062-25F7-4736-85F2-08FF0A115F1B}
	EndGlobalSection
EndGlobal
